
Microsoft Visual Studio Solution File, Format Version 12.00
# Visual Studio Version 17
VisualStudioVersion = 17.0.31903.59
MinimumVisualStudioVersion = 10.0.40219.1
Project("{FAE04EC0-301F-11D3-BF4B-00C04F79EFBC}") = "ELearning.API", "ELearning.API\ELearning.API.csproj", "{8C378FE7-6AD9-4DBC-AB6A-3719897D00D7}"
EndProject
Project("{FAE04EC0-301F-11D3-BF4B-00C04F79EFBC}") = "ELearning.Core", "ELearning.Core\ELearning.Core.csproj", "{307A0366-17E0-483E-AA5F-75669B7B5FE8}"
EndProject
Project("{FAE04EC0-301F-11D3-BF4B-00C04F79EFBC}") = "ELearning.Infrastructure", "ELearning.Infrastructure\ELearning.Infrastructure.csproj", "{4BD790AD-98E3-4AB9-8E01-06A473E3B882}"
EndProject
Project("{FAE04EC0-301F-11D3-BF4B-00C04F79EFBC}") = "ELearning.Tests", "ELearning.Tests\ELearning.Tests.csproj", "{C823562C-CAA5-45C2-9B99-567B04696ED7}"
EndProject
Global
	GlobalSection(SolutionConfigurationPlatforms) = preSolution
		Debug|Any CPU = Debug|Any CPU
		Debug|x64 = Debug|x64
		Debug|x86 = Debug|x86
		Release|Any CPU = Release|Any CPU
		Release|x64 = Release|x64
		Release|x86 = Release|x86
	EndGlobalSection
	GlobalSection(ProjectConfigurationPlatforms) = postSolution
		{8C378FE7-6AD9-4DBC-AB6A-3719897D00D7}.Debug|Any CPU.ActiveCfg = Debug|Any CPU
		{8C378FE7-6AD9-4DBC-AB6A-3719897D00D7}.Debug|Any CPU.Build.0 = Debug|Any CPU
		{8C378FE7-6AD9-4DBC-AB6A-3719897D00D7}.Debug|x64.ActiveCfg = Debug|Any CPU
		{8C378FE7-6AD9-4DBC-AB6A-3719897D00D7}.Debug|x64.Build.0 = Debug|Any CPU
		{8C378FE7-6AD9-4DBC-AB6A-3719897D00D7}.Debug|x86.ActiveCfg = Debug|Any CPU
		{8C378FE7-6AD9-4DBC-AB6A-3719897D00D7}.Debug|x86.Build.0 = Debug|Any CPU
		{8C378FE7-6AD9-4DBC-AB6A-3719897D00D7}.Release|Any CPU.ActiveCfg = Release|Any CPU
		{8C378FE7-6AD9-4DBC-AB6A-3719897D00D7}.Release|Any CPU.Build.0 = Release|Any CPU
		{8C378FE7-6AD9-4DBC-AB6A-3719897D00D7}.Release|x64.ActiveCfg = Release|Any CPU
		{8C378FE7-6AD9-4DBC-AB6A-3719897D00D7}.Release|x64.Build.0 = Release|Any CPU
		{8C378FE7-6AD9-4DBC-AB6A-3719897D00D7}.Release|x86.ActiveCfg = Release|Any CPU
		{8C378FE7-6AD9-4DBC-AB6A-3719897D00D7}.Release|x86.Build.0 = Release|Any CPU
		{307A0366-17E0-483E-AA5F-75669B7B5FE8}.Debug|Any CPU.ActiveCfg = Debug|Any CPU
		{307A0366-17E0-483E-AA5F-75669B7B5FE8}.Debug|Any CPU.Build.0 = Debug|Any CPU
		{307A0366-17E0-483E-AA5F-75669B7B5FE8}.Debug|x64.ActiveCfg = Debug|Any CPU
		{307A0366-17E0-483E-AA5F-75669B7B5FE8}.Debug|x64.Build.0 = Debug|Any CPU
		{307A0366-17E0-483E-AA5F-75669B7B5FE8}.Debug|x86.ActiveCfg = Debug|Any CPU
		{307A0366-17E0-483E-AA5F-75669B7B5FE8}.Debug|x86.Build.0 = Debug|Any CPU
		{307A0366-17E0-483E-AA5F-75669B7B5FE8}.Release|Any CPU.ActiveCfg = Release|Any CPU
		{307A0366-17E0-483E-AA5F-75669B7B5FE8}.Release|Any CPU.Build.0 = Release|Any CPU
		{307A0366-17E0-483E-AA5F-75669B7B5FE8}.Release|x64.ActiveCfg = Release|Any CPU
		{307A0366-17E0-483E-AA5F-75669B7B5FE8}.Release|x64.Build.0 = Release|Any CPU
		{307A0366-17E0-483E-AA5F-75669B7B5FE8}.Release|x86.ActiveCfg = Release|Any CPU
		{307A0366-17E0-483E-AA5F-75669B7B5FE8}.Release|x86.Build.0 = Release|Any CPU
		{4BD790AD-98E3-4AB9-8E01-06A473E3B882}.Debug|Any CPU.ActiveCfg = Debug|Any CPU
		{4BD790AD-98E3-4AB9-8E01-06A473E3B882}.Debug|Any CPU.Build.0 = Debug|Any CPU
		{4BD790AD-98E3-4AB9-8E01-06A473E3B882}.Debug|x64.ActiveCfg = Debug|Any CPU
		{4BD790AD-98E3-4AB9-8E01-06A473E3B882}.Debug|x64.Build.0 = Debug|Any CPU
		{4BD790AD-98E3-4AB9-8E01-06A473E3B882}.Debug|x86.ActiveCfg = Debug|Any CPU
		{4BD790AD-98E3-4AB9-8E01-06A473E3B882}.Debug|x86.Build.0 = Debug|Any CPU
		{4BD790AD-98E3-4AB9-8E01-06A473E3B882}.Release|Any CPU.ActiveCfg = Release|Any CPU
		{4BD790AD-98E3-4AB9-8E01-06A473E3B882}.Release|Any CPU.Build.0 = Release|Any CPU
		{4BD790AD-98E3-4AB9-8E01-06A473E3B882}.Release|x64.ActiveCfg = Release|Any CPU
		{4BD790AD-98E3-4AB9-8E01-06A473E3B882}.Release|x64.Build.0 = Release|Any CPU
		{4BD790AD-98E3-4AB9-8E01-06A473E3B882}.Release|x86.ActiveCfg = Release|Any CPU
		{4BD790AD-98E3-4AB9-8E01-06A473E3B882}.Release|x86.Build.0 = Release|Any CPU
		{C823562C-CAA5-45C2-9B99-567B04696ED7}.Debug|Any CPU.ActiveCfg = Debug|Any CPU
		{C823562C-CAA5-45C2-9B99-567B04696ED7}.Debug|Any CPU.Build.0 = Debug|Any CPU
		{C823562C-CAA5-45C2-9B99-567B04696ED7}.Debug|x64.ActiveCfg = Debug|Any CPU
		{C823562C-CAA5-45C2-9B99-567B04696ED7}.Debug|x64.Build.0 = Debug|Any CPU
		{C823562C-CAA5-45C2-9B99-567B04696ED7}.Debug|x86.ActiveCfg = Debug|Any CPU
		{C823562C-CAA5-45C2-9B99-567B04696ED7}.Debug|x86.Build.0 = Debug|Any CPU
		{C823562C-CAA5-45C2-9B99-567B04696ED7}.Release|Any CPU.ActiveCfg = Release|Any CPU
		{C823562C-CAA5-45C2-9B99-567B04696ED7}.Release|Any CPU.Build.0 = Release|Any CPU
		{C823562C-CAA5-45C2-9B99-567B04696ED7}.Release|x64.ActiveCfg = Release|Any CPU
		{C823562C-CAA5-45C2-9B99-567B04696ED7}.Release|x64.Build.0 = Release|Any CPU
		{C823562C-CAA5-45C2-9B99-567B04696ED7}.Release|x86.ActiveCfg = Release|Any CPU
		{C823562C-CAA5-45C2-9B99-567B04696ED7}.Release|x86.Build.0 = Release|Any CPU
	EndGlobalSection
	GlobalSection(SolutionProperties) = preSolution
		HideSolutionNode = FALSE
	EndGlobalSection
EndGlobal
